
Microsoft Visual Studio Solution File, Format Version 11.00
# Visual Studio 2010
Project("{2150E333-8FDC-42A3-9474-1A3956D46DE8}") = ".nuget", ".nuget", "{87DEF471-A9E0-4D30-A3AF-19F1348E108C}"
	ProjectSection(SolutionItems) = preProject
		.nuget\NuGet.exe = .nuget\NuGet.exe
		.nuget\NuGet.targets = .nuget\NuGet.targets
	EndProjectSection
EndProject
Project("{FAE04EC0-301F-11D3-BF4B-00C04F79EFBC}") = "fag.api", "api\fag.api.csproj", "{B0B7DEBB-CF82-42E0-9938-52397BC534DB}"
EndProject
Project("{FAE04EC0-301F-11D3-BF4B-00C04F79EFBC}") = "Test", "Test\Test.csproj", "{15957FAD-0E52-46FE-9376-54534432C4BB}"
	ProjectSection(ProjectDependencies) = postProject
		{B0B7DEBB-CF82-42E0-9938-52397BC534DB} = {B0B7DEBB-CF82-42E0-9938-52397BC534DB}
	EndProjectSection
EndProject
Project("{FAE04EC0-301F-11D3-BF4B-00C04F79EFBC}") = "MarkRight", "MarkRight\MarkRight.csproj", "{FFB85A9B-8EC1-4975-B3DA-B636860FC1A4}"
EndProject
Project("{FAE04EC0-301F-11D3-BF4B-00C04F79EFBC}") = "FAGGUI", "FAGGUI\FAGGUI.csproj", "{514A7412-C8CA-4784-B24E-6A221E10969E}"
EndProject
Global
	GlobalSection(SolutionConfigurationPlatforms) = preSolution
		Debug|Any CPU = Debug|Any CPU
		Debug|Mixed Platforms = Debug|Mixed Platforms
		Debug|x86 = Debug|x86
		Release|Any CPU = Release|Any CPU
		Release|Mixed Platforms = Release|Mixed Platforms
		Release|x86 = Release|x86
	EndGlobalSection
	GlobalSection(ProjectConfigurationPlatforms) = postSolution
		{B0B7DEBB-CF82-42E0-9938-52397BC534DB}.Debug|Any CPU.ActiveCfg = Debug|Any CPU
		{B0B7DEBB-CF82-42E0-9938-52397BC534DB}.Debug|Any CPU.Build.0 = Debug|Any CPU
		{B0B7DEBB-CF82-42E0-9938-52397BC534DB}.Debug|Mixed Platforms.ActiveCfg = Debug|Any CPU
		{B0B7DEBB-CF82-42E0-9938-52397BC534DB}.Debug|Mixed Platforms.Build.0 = Debug|Any CPU
		{B0B7DEBB-CF82-42E0-9938-52397BC534DB}.Debug|x86.ActiveCfg = Debug|Any CPU
		{B0B7DEBB-CF82-42E0-9938-52397BC534DB}.Release|Any CPU.ActiveCfg = Release|Any CPU
		{B0B7DEBB-CF82-42E0-9938-52397BC534DB}.Release|Any CPU.Build.0 = Release|Any CPU
		{B0B7DEBB-CF82-42E0-9938-52397BC534DB}.Release|Mixed Platforms.ActiveCfg = Release|Any CPU
		{B0B7DEBB-CF82-42E0-9938-52397BC534DB}.Release|Mixed Platforms.Build.0 = Release|Any CPU
		{B0B7DEBB-CF82-42E0-9938-52397BC534DB}.Release|x86.ActiveCfg = Release|Any CPU
		{15957FAD-0E52-46FE-9376-54534432C4BB}.Debug|Any CPU.ActiveCfg = Debug|x86
		{15957FAD-0E52-46FE-9376-54534432C4BB}.Debug|Mixed Platforms.ActiveCfg = Debug|x86
		{15957FAD-0E52-46FE-9376-54534432C4BB}.Debug|Mixed Platforms.Build.0 = Debug|x86
		{15957FAD-0E52-46FE-9376-54534432C4BB}.Debug|x86.ActiveCfg = Debug|x86
		{15957FAD-0E52-46FE-9376-54534432C4BB}.Debug|x86.Build.0 = Debug|x86
		{15957FAD-0E52-46FE-9376-54534432C4BB}.Release|Any CPU.ActiveCfg = Release|x86
		{15957FAD-0E52-46FE-9376-54534432C4BB}.Release|Mixed Platforms.ActiveCfg = Release|x86
		{15957FAD-0E52-46FE-9376-54534432C4BB}.Release|Mixed Platforms.Build.0 = Release|x86
		{15957FAD-0E52-46FE-9376-54534432C4BB}.Release|x86.ActiveCfg = Release|x86
		{15957FAD-0E52-46FE-9376-54534432C4BB}.Release|x86.Build.0 = Release|x86
		{FFB85A9B-8EC1-4975-B3DA-B636860FC1A4}.Debug|Any CPU.ActiveCfg = Debug|Any CPU
		{FFB85A9B-8EC1-4975-B3DA-B636860FC1A4}.Debug|Any CPU.Build.0 = Debug|Any CPU
		{FFB85A9B-8EC1-4975-B3DA-B636860FC1A4}.Debug|Mixed Platforms.ActiveCfg = Debug|Any CPU
		{FFB85A9B-8EC1-4975-B3DA-B636860FC1A4}.Debug|Mixed Platforms.Build.0 = Debug|Any CPU
		{FFB85A9B-8EC1-4975-B3DA-B636860FC1A4}.Debug|x86.ActiveCfg = Debug|Any CPU
		{FFB85A9B-8EC1-4975-B3DA-B636860FC1A4}.Release|Any CPU.ActiveCfg = Release|Any CPU
		{FFB85A9B-8EC1-4975-B3DA-B636860FC1A4}.Release|Any CPU.Build.0 = Release|Any CPU
		{FFB85A9B-8EC1-4975-B3DA-B636860FC1A4}.Release|Mixed Platforms.ActiveCfg = Release|Any CPU
		{FFB85A9B-8EC1-4975-B3DA-B636860FC1A4}.Release|Mixed Platforms.Build.0 = Release|Any CPU
		{FFB85A9B-8EC1-4975-B3DA-B636860FC1A4}.Release|x86.ActiveCfg = Release|Any CPU
		{514A7412-C8CA-4784-B24E-6A221E10969E}.Debug|Any CPU.ActiveCfg = Debug|x86
		{514A7412-C8CA-4784-B24E-6A221E10969E}.Debug|Mixed Platforms.ActiveCfg = Debug|x86
		{514A7412-C8CA-4784-B24E-6A221E10969E}.Debug|Mixed Platforms.Build.0 = Debug|x86
		{514A7412-C8CA-4784-B24E-6A221E10969E}.Debug|x86.ActiveCfg = Debug|x86
		{514A7412-C8CA-4784-B24E-6A221E10969E}.Debug|x86.Build.0 = Debug|x86
		{514A7412-C8CA-4784-B24E-6A221E10969E}.Release|Any CPU.ActiveCfg = Release|x86
		{514A7412-C8CA-4784-B24E-6A221E10969E}.Release|Mixed Platforms.ActiveCfg = Release|x86
		{514A7412-C8CA-4784-B24E-6A221E10969E}.Release|Mixed Platforms.Build.0 = Release|x86
		{514A7412-C8CA-4784-B24E-6A221E10969E}.Release|x86.ActiveCfg = Release|x86
		{514A7412-C8CA-4784-B24E-6A221E10969E}.Release|x86.Build.0 = Release|x86
	EndGlobalSection
	GlobalSection(SolutionProperties) = preSolution
		HideSolutionNode = FALSE
	EndGlobalSection
EndGlobal
